
Microsoft Visual Studio Solution File, Format Version 12.00
# Visual Studio Version 16
VisualStudioVersion = 16.0.33130.400
MinimumVisualStudioVersion = 10.0.40219.1
Project("{FAE04EC0-301F-11D3-BF4B-00C04F79EFBC}") = "EasyTickets", "EasyTickets\EasyTickets.csproj", "{E3A3A21F-C4A5-4D95-983A-ABA472B76674}"
EndProject
Global
	GlobalSection(SolutionConfigurationPlatforms) = preSolution
		Debug|Any CPU = Debug|Any CPU
		Release|Any CPU = Release|Any CPU
	EndGlobalSection
	GlobalSection(ProjectConfigurationPlatforms) = postSolution
		{E3A3A21F-C4A5-4D95-983A-ABA472B76674}.Debug|Any CPU.ActiveCfg = Debug|Any CPU
		{E3A3A21F-C4A5-4D95-983A-ABA472B76674}.Debug|Any CPU.Build.0 = Debug|Any CPU
		{E3A3A21F-C4A5-4D95-983A-ABA472B76674}.Release|Any CPU.ActiveCfg = Release|Any CPU
		{E3A3A21F-C4A5-4D95-983A-ABA472B76674}.Release|Any CPU.Build.0 = Release|Any CPU
	EndGlobalSection
	GlobalSection(SolutionProperties) = preSolution
		HideSolutionNode = FALSE
	EndGlobalSection
	GlobalSection(ExtensibilityGlobals) = postSolution
		SolutionGuid = {2F26823B-CF8E-4ED8-9B7F-8C41C7C239B6}
	EndGlobalSection
EndGlobal
